
Microsoft Visual Studio Solution File, Format Version 12.00
# Visual Studio Version 16
VisualStudioVersion = 16.0.31005.135
MinimumVisualStudioVersion = 10.0.40219.1
Project("{FAE04EC0-301F-11D3-BF4B-00C04F79EFBC}") = "MunchExplorer", "MunchExplorer.csproj", "{330A4DAF-726E-4432-AF24-EBB312626EEF}"
EndProject
Global
	GlobalSection(SolutionConfigurationPlatforms) = preSolution
		Debug|Any CPU = Debug|Any CPU
		Release|Any CPU = Release|Any CPU
	EndGlobalSection
	GlobalSection(ProjectConfigurationPlatforms) = postSolution
		{330A4DAF-726E-4432-AF24-EBB312626EEF}.Debug|Any CPU.ActiveCfg = Debug|Any CPU
		{330A4DAF-726E-4432-AF24-EBB312626EEF}.Debug|Any CPU.Build.0 = Debug|Any CPU
		{330A4DAF-726E-4432-AF24-EBB312626EEF}.Release|Any CPU.ActiveCfg = Release|Any CPU
		{330A4DAF-726E-4432-AF24-EBB312626EEF}.Release|Any CPU.Build.0 = Release|Any CPU
	EndGlobalSection
	GlobalSection(SolutionProperties) = preSolution
		HideSolutionNode = FALSE
	EndGlobalSection
	GlobalSection(ExtensibilityGlobals) = postSolution
		SolutionGuid = {94F6DEEF-18B3-4B36-8336-B5014A7FE09F}
	EndGlobalSection
EndGlobal
